Microsoft Visual Studio Solution File, Format Version 12.00
# Visual Studio Version 17
VisualStudioVersion = 17.5.2.0
MinimumVisualStudioVersion = 10.0.40219.1
Project("{2150E333-8FDC-42A3-9474-1A3956D46DE8}") = "GitHub-Copilot-Labs", "GitHub-Copilot-Labs", "{3F4AD4E8-6D4E-5B92-B37F-165FEA9A2DAB}"
EndProject
Project("{FAE04EC0-301F-11D3-BF4B-00C04F79EFBC}") = "CopilotDemo", "GitHub-Copilot-Labs\BaseProject\CopilotDemo.csproj", "{49E8A27D-5487-0F99-0406-4A091BB42ADF}"
EndProject
Global
	GlobalSection(SolutionConfigurationPlatforms) = preSolution
		Debug|Any CPU = Debug|Any CPU
		Release|Any CPU = Release|Any CPU
	EndGlobalSection
	GlobalSection(ProjectConfigurationPlatforms) = postSolution
		{49E8A27D-5487-0F99-0406-4A091BB42ADF}.Debug|Any CPU.ActiveCfg = Debug|Any CPU
		{49E8A27D-5487-0F99-0406-4A091BB42ADF}.Debug|Any CPU.Build.0 = Debug|Any CPU
		{49E8A27D-5487-0F99-0406-4A091BB42ADF}.Release|Any CPU.ActiveCfg = Release|Any CPU
		{49E8A27D-5487-0F99-0406-4A091BB42ADF}.Release|Any CPU.Build.0 = Release|Any CPU
	EndGlobalSection
	GlobalSection(SolutionProperties) = preSolution
		HideSolutionNode = FALSE
	EndGlobalSection
	GlobalSection(NestedProjects) = preSolution
		{49E8A27D-5487-0F99-0406-4A091BB42ADF} = {3F4AD4E8-6D4E-5B92-B37F-165FEA9A2DAB}
	EndGlobalSection
	GlobalSection(ExtensibilityGlobals) = postSolution
		SolutionGuid = {5CCCD802-8DB5-4828-AFDD-5711F8403A19}
	EndGlobalSection
EndGlobal
